// !$*UTF8*$!
{
	archiveVersion = 1;
	classes = {
	};
	objectVersion = 56;
	objects = {

/* Begin PBXBuildFile section */
		109AD8D42A1E0E8D004609BA /* AppDelegate.swift in Sources */ = {isa = PBXBuildFile; fileRef = 109AD8D32A1E0E8D004609BA /* AppDelegate.swift */; };
		109AD8D62A1E0E8D004609BA /* SceneDelegate.swift in Sources */ = {isa = PBXBuildFile; fileRef = 109AD8D52A1E0E8D004609BA /* SceneDelegate.swift */; };
		109AD8D82A1E0E8D004609BA /* ViewController.swift in Sources */ = {isa = PBXBuildFile; fileRef = 109AD8D72A1E0E8D004609BA /* ViewController.swift */; };
		109AD8DB2A1E0E8D004609BA /* Main.storyboard in Resources */ = {isa = PBXBuildFile; fileRef = 109AD8D92A1E0E8D004609BA /* Main.storyboard */; };
		109AD8DD2A1E0E8F004609BA /* Assets.xcassets in Resources */ = {isa = PBXBuildFile; fileRef = 109AD8DC2A1E0E8F004609BA /* Assets.xcassets */; };
		109AD8E02A1E0E8F004609BA /* LaunchScreen.storyboard in Resources */ = {isa = PBXBuildFile; fileRef = 109AD8DE2A1E0E8F004609BA /* LaunchScreen.storyboard */; };
/* End PBXBuildFile section */

/* Begin PBXFileReference section */
		109AD8D02A1E0E8D004609BA /* FaceRecognitionProject.app */ = {isa = PBXFileReference; explicitFileType = wrapper.application; includeInIndex = 0; path = FaceRecognitionProject.app; sourceTree = BUILT_PRODUCTS_DIR; };
		109AD8D32A1E0E8D004609BA /* AppDelegate.swift */ = {isa = PBXFileReference; lastKnownFileType = sourcecode.swift; path = AppDelegate.swift; sourceTree = "<group>"; };
		109AD8D52A1E0E8D004609BA /* SceneDelegate.swift */ = {isa = PBXFileReference; lastKnownFileType = sourcecode.swift; path = SceneDelegate.swift; sourceTree = "<group>"; };
		109AD8D72A1E0E8D004609BA /* ViewController.swift */ = {isa = PBXFileReference; lastKnownFileType = sourcecode.swift; path = ViewController.swift; sourceTree = "<group>"; };
		109AD8DA2A1E0E8D004609BA /* Base */ = {isa = PBXFileReference; lastKnownFileType = file.storyboard; name = Base; path = Base.lproj/Main.storyboard; sourceTree = "<group>"; };
		109AD8DC2A1E0E8F004609BA /* Assets.xcassets */ = {isa = PBXFileReference; lastKnownFileType = folder.assetcatalog; path = Assets.xcassets; sourceTree = "<group>"; };
		109AD8DF2A1E0E8F004609BA /* Base */ = {isa = PBXFileReference; lastKnownFileType = file.storyboard; name = Base; path = Base.lproj/LaunchScreen.storyboard; sourceTree = "<group>"; };
		109AD8E12A1E0E8F004609BA /* Info.plist */ = {isa = PBXFileReference; lastKnownFileType = text.plist.xml; path = Info.plist; sourceTree = "<group>"; };
/* End PBXFileReference section */

/* Begin PBXFrameworksBuildPhase section */
		109AD8CD2A1E0E8D004609BA /* Frameworks */ = {
			isa = PBXFrameworksBuildPhase;
			buildActionMask = 2147483647;
			files = (
			);
			runOnlyForDeploymentPostprocessing = 0;
		};
/* End PBXFrameworksBuildPhase section */

/* Begin PBXGroup section */
		109AD8C72A1E0E8D004609BA = {
			isa = PBXGroup;
			children = (
				109AD8D22A1E0E8D004609BA /* FaceRecognitionProject */,
				109AD8D12A1E0E8D004609BA /* Products */,
			);
			sourceTree = "<group>";
		};
		109AD8D12A1E0E8D004609BA /* Products */ = {
			isa = PBXGroup;
			children = (
				109AD8D02A1E0E8D004609BA /* FaceRecognitionProject.app */,
			);
			name = Products;
			sourceTree = "<group>";
		};
		109AD8D22A1E0E8D004609BA /* FaceRecognitionProject */ = {
			isa = PBXGroup;
			children = (
				109AD8D32A1E0E8D004609BA /* AppDelegate.swift */,
				109AD8D52A1E0E8D004609BA /* SceneDelegate.swift */,
				109AD8D72A1E0E8D004609BA /* ViewController.swift */,
				109AD8D92A1E0E8D004609BA /* Main.storyboard */,
				109AD8DC2A1E0E8F004609BA /* Assets.xcassets */,
				109AD8DE2A1E0E8F004609BA /* LaunchScreen.storyboard */,
				109AD8E12A1E0E8F004609BA /* Info.plist */,
			);
			path = FaceRecognitionProject;
			sourceTree = "<group>";
		};
/* End PBXGroup section */

/* Begin PBXNativeTarget section */
		109AD8CF2A1E0E8D004609BA /* FaceRecognitionProject */ = {
			isa = PBXNativeTarget;
			buildConfigurationList = 109AD8E42A1E0E8F004609BA /* Build configuration list for PBXNativeTarget "FaceRecognitionProject" */;
			buildPhases = (
				109AD8CC2A1E0E8D004609BA /* Sources */,
				109AD8CD2A1E0E8D004609BA /* Frameworks */,
				109AD8CE2A1E0E8D004609BA /* Resources */,
			);
			buildRules = (
			);
			dependencies = (
			);
			name = FaceRecognitionProject;
			productName = FaceRecognitionProject;
			productReference = 109AD8D02A1E0E8D004609BA /* FaceRecognitionProject.app */;
			productType = "com.apple.product-type.application";
		};
/* End PBXNativeTarget section */

/* Begin PBXProject section */
		109AD8C82A1E0E8D004609BA /* Project object */ = {
			isa = PBXProject;
			attributes = {
				BuildIndependentTargetsInParallel = 1;
				LastSwiftUpdateCheck = 1420;
				LastUpgradeCheck = 1420;
				TargetAttributes = {
					109AD8CF2A1E0E8D004609BA = {
						CreatedOnToolsVersion = 14.2;
					};
				};
			};
			buildConfigurationList = 109AD8CB2A1E0E8D004609BA /* Build configuration list for PBXProject "FaceRecognitionProject" */;
			compatibilityVersion = "Xcode 14.0";
			developmentRegion = en;
			hasScannedForEncodings = 0;
			knownRegions = (
				en,
				Base,
			);
			mainGroup = 109AD8C72A1E0E8D004609BA;
			productRefGroup = 109AD8D12A1E0E8D004609BA /* Products */;
			projectDirPath = "";
			projectRoot = "";
			targets = (
				109AD8CF2A1E0E8D004609BA /* FaceRecognitionProject */,
			);
		};
/* End PBXProject section */

/* Begin PBXResourcesBuildPhase section */
		109AD8CE2A1E0E8D004609BA /* Resources */ = {
			isa = PBXResourcesBuildPhase;
			buildActionMask = 2147483647;
			files = (
				109AD8E02A1E0E8F004609BA /* LaunchScreen.storyboard in Resources */,
				109AD8DD2A1E0E8F004609BA /* Assets.xcassets in Resources */,
				109AD8DB2A1E0E8D004609BA /* Main.storyboard in Resources */,
			);
			runOnlyForDeploymentPostprocessing = 0;
		};
/* End PBXResourcesBuildPhase section */

/* Begin PBXSourcesBuildPhase section */
		109AD8CC2A1E0E8D004609BA /* Sources */ = {
			isa = PBXSourcesBuildPhase;
			buildActionMask = 2147483647;
			files = (
				109AD8D82A1E0E8D004609BA /* ViewController.swift in Sources */,
				109AD8D42A1E0E8D004609BA /* AppDelegate.swift in Sources */,
				109AD8D62A1E0E8D004609BA /* SceneDelegate.swift in Sources */,
			);
			runOnlyForDeploymentPostprocessing = 0;
		};
/* End PBXSourcesBuildPhase section */

/* Begin PBXVariantGroup section */
		109AD8D92A1E0E8D004609BA /* Main.storyboard */ = {
			isa = PBXVariantGroup;
			children = (
				109AD8DA2A1E0E8D004609BA /* Base */,
			);
			name = Main.storyboard;
			sourceTree = "<group>";
		};
		109AD8DE2A1E0E8F004609BA /* LaunchScreen.storyboard */ = {
			isa = PBXVariantGroup;
			children = (
				109AD8DF2A1E0E8F004609BA /* Base */,
			);
			name = LaunchScreen.storyboard;
			sourceTree = "<group>";
		};
/* End PBXVariantGroup section */

/* Begin XCBuildConfiguration section */
		109AD8E22A1E0E8F004609BA /* Debug */ = {
			isa = XCBuildConfiguration;
			buildSettings = {
				ALWAYS_SEARCH_USER_PATHS = NO;
				CLANG_ANALYZER_NONNULL = YES;
				CLANG_ANALYZER_NUMBER_OBJECT_CONVERSION = YES_AGGRESSIVE;
				CLANG_CXX_LANGUAGE_STANDARD = "gnu++20";
				CLANG_ENABLE_MODULES = YES;
				CLANG_ENABLE_OBJC_ARC = YES;
				CLANG_ENABLE_OBJC_WEAK = YES;
				CLANG_WARN_BLOCK_CAPTURE_AUTORELEASING = YES;
				CLANG_WARN_BOOL_CONVERSION = YES;
				CLANG_WARN_COMMA = YES;
				CLANG_WARN_CONSTANT_CONVERSION = YES;
				CLANG_WARN_DEPRECATED_OBJC_IMPLEMENTATIONS = YES;
				CLANG_WARN_DIRECT_OBJC_ISA_USAGE = YES_ERROR;
				CLANG_WARN_DOCUMENTATION_COMMENTS = YES;
				CLANG_WARN_EMPTY_BODY = YES;
				CLANG_WARN_ENUM_CONVERSION = YES;
				CLANG_WARN_INFINITE_RECURSION = YES;
				CLANG_WARN_INT_CONVERSION = YES;
				CLANG_WARN_NON_LITERAL_NULL_CONVERSION = YES;
				CLANG_WARN_OBJC_IMPLICIT_RETAIN_SELF = YES;
				CLANG_WARN_OBJC_LITERAL_CONVERSION = YES;
				CLANG_WARN_OBJC_ROOT_CLASS = YES_ERROR;
				CLANG_WARN_QUOTED_INCLUDE_IN_FRAMEWORK_HEADER = YES;
				CLANG_WARN_RANGE_LOOP_ANALYSIS = YES;
				CLANG_WARN_STRICT_PROTOTYPES = YES;
				CLANG_WARN_SUSPICIOUS_MOVE = YES;
				CLANG_WARN_UNGUARDED_AVAILABILITY = YES_AGGRESSIVE;
				CLANG_WARN_UNREACHABLE_CODE = YES;
				CLANG_WARN__DUPLICATE_METHOD_MATCH = YES;
				COPY_PHASE_STRIP = NO;
				DEBUG_INFORMATION_FORMAT = dwarf;
				ENABLE_STRICT_OBJC_MSGSEND = YES;
				ENABLE_TESTABILITY = YES;
				GCC_C_LANGUAGE_STANDARD = gnu11;
				GCC_DYNAMIC_NO_PIC = NO;
				GCC_NO_COMMON_BLOCKS = YES;
				GCC_OPTIMIZATION_LEVEL = 0;
				GCC_PREPROCESSOR_DEFINITIONS = (
					"DEBUG=1",
					"$(inherited)",
				);
				GCC_WARN_64_TO_32_BIT_CONVERSION = YES;
				GCC_WARN_ABOUT_RETURN_TYPE = YES_ERROR;
				GCC_WARN_UNDECLARED_SELECTOR = YES;
				GCC_WARN_UNINITIALIZED_AUTOS = YES_AGGRESSIVE;
				GCC_WARN_UNUSED_FUNCTION = YES;
				GCC_WARN_UNUSED_VARIABLE = YES;
				IPHONEOS_DEPLOYMENT_TARGET = 16.2;
				MTL_ENABLE_DEBUG_INFO = INCLUDE_SOURCE;
				MTL_FAST_MATH = YES;
				ONLY_ACTIVE_ARCH = YES;
				SDKROOT = iphoneos;
				SWIFT_ACTIVE_COMPILATION_CONDITIONS = DEBUG;
				SWIFT_OPTIMIZATION_LEVEL = "-Onone";
			};
			name = Debug;
		};
		109AD8E32A1E0E8F004609BA /* Release */ = {
			isa = XCBuildConfiguration;
			buildSettings = {
				ALWAYS_SEARCH_USER_PATHS = NO;
				CLANG_ANALYZER_NONNULL = YES;
				CLANG_ANALYZER_NUMBER_OBJECT_CONVERSION = YES_AGGRESSIVE;
				CLANG_CXX_LANGUAGE_STANDARD = "gnu++20";
				CLANG_ENABLE_MODULES = YES;
				CLANG_ENABLE_OBJC_ARC = YES;
				CLANG_ENABLE_OBJC_WEAK = YES;
				CLANG_WARN_BLOCK_CAPTURE_AUTORELEASING = YES;
				CLANG_WARN_BOOL_CONVERSION = YES;
				CLANG_WARN_COMMA = YES;
				CLANG_WARN_CONSTANT_CONVERSION = YES;
				CLANG_WARN_DEPRECATED_OBJC_IMPLEMENTATIONS = YES;
				CLANG_WARN_DIRECT_OBJC_ISA_USAGE = YES_ERROR;
				CLANG_WARN_DOCUMENTATION_COMMENTS = YES;
				CLANG_WARN_EMPTY_BODY = YES;
				CLANG_WARN_ENUM_CONVERSION = YES;
				CLANG_WARN_INFINITE_RECURSION = YES;
				CLANG_WARN_INT_CONVERSION = YES;
				CLANG_WARN_NON_LITERAL_NULL_CONVERSION = YES;
				CLANG_WARN_OBJC_IMPLICIT_RETAIN_SELF = YES;
				CLANG_WARN_OBJC_LITERAL_CONVERSION = YES;
				CLANG_WARN_OBJC_ROOT_CLASS = YES_ERROR;
				CLANG_WARN_QUOTED_INCLUDE_IN_FRAMEWORK_HEADER = YES;
				CLANG_WARN_RANGE_LOOP_ANALYSIS = YES;
				CLANG_WARN_STRICT_PROTOTYPES = YES;
				CLANG_WARN_SUSPICIOUS_MOVE = YES;
				CLANG_WARN_UNGUARDED_AVAILABILITY = YES_AGGRESSIVE;
				CLANG_WARN_UNREACHABLE_CODE = YES;
				CLANG_WARN__DUPLICATE_METHOD_MATCH = YES;
				COPY_PHASE_STRIP = NO;
				DEBUG_INFORMATION_FORMAT = "dwarf-with-dsym";
				ENABLE_NS_ASSERTIONS = NO;
				ENABLE_STRICT_OBJC_MSGSEND = YES;
				GCC_C_LANGUAGE_STANDARD = gnu11;
				GCC_NO_COMMON_BLOCKS = YES;
				GCC_WARN_64_TO_32_BIT_CONVERSION = YES;
				GCC_WARN_ABOUT_RETURN_TYPE = YES_ERROR;
				GCC_WARN_UNDECLARED_SELECTOR = YES;
				GCC_WARN_UNINITIALIZED_AUTOS = YES_AGGRESSIVE;
				GCC_WARN_UNUSED_FUNCTION = YES;
				GCC_WARN_UNUSED_VARIABLE = YES;
				IPHONEOS_DEPLOYMENT_TARGET = 16.2;
				MTL_ENABLE_DEBUG_INFO = NO;
				MTL_FAST_MATH = YES;
				SDKROOT = iphoneos;
				SWIFT_COMPILATION_MODE = wholemodule;
				SWIFT_OPTIMIZATION_LEVEL = "-O";
				VALIDATE_PRODUCT = YES;
			};
			name = Release;
		};
		109AD8E52A1E0E8F004609BA /* Debug */ = {
			isa = XCBuildConfiguration;
			buildSettings = {
				ASSETCATALOG_COMPILER_APPICON_NAME = AppIcon;
				ASSETCATALOG_COMPILER_GLOBAL_ACCENT_COLOR_NAME = AccentColor;
				CODE_SIGN_STYLE = Automatic;
				CURRENT_PROJECT_VERSION = 1;
				DEVELOPMENT_TEAM = 9ZBB7384W6;
				GENERATE_INFOPLIST_FILE = YES;
				INFOPLIST_FILE = FaceRecognitionProject/Info.plist;
				INFOPLIST_KEY_UIApplicationSupportsIndirectInputEvents = YES;
				INFOPLIST_KEY_UILaunchStoryboardName = LaunchScreen;
				INFOPLIST_KEY_UIMainStoryboardFile = Main;
				INFOPLIST_KEY_UISupportedInterfaceOrientations_iPad = "UIInterfaceOrientationPortrait UIInterfaceOrientationPortraitUpsideDown UIInterfaceOrientationLandscapeLeft UIInterfaceOrientationLandscapeRight";
				INFOPLIST_KEY_UISupportedInterfaceOrientations_iPhone = "UIInterfaceOrientationPortrait UIInterfaceOrientationLandscapeLeft UIInterfaceOrientationLandscapeRight";
				LD_RUNPATH_SEARCH_PATHS = (
					"$(inherited)",
					"@executable_path/Frameworks",
				);
				MARKETING_VERSION = 1.0;
				PRODUCT_BUNDLE_IDENTIFIER = com.suleymandemir.FaceRecognitionProject;
				PRODUCT_NAME = "$(TARGET_NAME)";
				SWIFT_EMIT_LOC_STRINGS = YES;
				SWIFT_VERSION = 5.0;
				TARGETED_DEVICE_FAMILY = "1,2";
			};
			name = Debug;
		};
		109AD8E62A1E0E8F004609BA /* Release */ = {
			isa = XCBuildConfiguration;
			buildSettings = {
				ASSETCATALOG_COMPILER_APPICON_NAME = AppIcon;
				ASSETCATALOG_COMPILER_GLOBAL_ACCENT_COLOR_NAME = AccentColor;
				CODE_SIGN_STYLE = Automatic;
				CURRENT_PROJECT_VERSION = 1;
				DEVELOPMENT_TEAM = 9ZBB7384W6;
				GENERATE_INFOPLIST_FILE = YES;
				INFOPLIST_FILE = FaceRecognitionProject/Info.plist;
				INFOPLIST_KEY_UIApplicationSupportsIndirectInputEvents = YES;
				INFOPLIST_KEY_UILaunchStoryboardName = LaunchScreen;
				INFOPLIST_KEY_UIMainStoryboardFile = Main;
				INFOPLIST_KEY_UISupportedInterfaceOrientations_iPad = "UIInterfaceOrientationPortrait UIInterfaceOrientationPortraitUpsideDown UIInterfaceOrientationLandscapeLeft UIInterfaceOrientationLandscapeRight";
				INFOPLIST_KEY_UISupportedInterfaceOrientations_iPhone = "UIInterfaceOrientationPortrait UIInterfaceOrientationLandscapeLeft UIInterfaceOrientationLandscapeRight";
				LD_RUNPATH_SEARCH_PATHS = (
					"$(inherited)",
					"@executable_path/Frameworks",
				);
				MARKETING_VERSION = 1.0;
				PRODUCT_BUNDLE_IDENTIFIER = com.suleymandemir.FaceRecognitionProject;
				PRODUCT_NAME = "$(TARGET_NAME)";
				SWIFT_EMIT_LOC_STRINGS = YES;
				SWIFT_VERSION = 5.0;
				TARGETED_DEVICE_FAMILY = "1,2";
			};
			name = Release;
		};
/* End XCBuildConfiguration section */

/* Begin XCConfigurationList section */
		109AD8CB2A1E0E8D004609BA /* Build configuration list for PBXProject "FaceRecognitionProject" */ = {
			isa = XCConfigurationList;
			buildConfigurations = (
				109AD8E22A1E0E8F004609BA /* Debug */,
				109AD8E32A1E0E8F004609BA /* Release */,
			);
			defaultConfigurationIsVisible = 0;
			defaultConfigurationName = Release;
		};
		109AD8E42A1E0E8F004609BA /* Build configuration list for PBXNativeTarget "FaceRecognitionProject" */ = {
			isa = XCConfigurationList;
			buildConfigurations = (
				109AD8E52A1E0E8F004609BA /* Debug */,
				109AD8E62A1E0E8F004609BA /* Release */,
			);
			defaultConfigurationIsVisible = 0;
			defaultConfigurationName = Release;
		};
/* End XCConfigurationList section */
	};
	rootObject = 109AD8C82A1E0E8D004609BA /* Project object */;
}
